
Microsoft Visual Studio Solution File, Format Version 12.00
# Visual Studio Version 17
VisualStudioVersion = 17.1.32414.318
MinimumVisualStudioVersion = 10.0.40219.1
Project("{9A19103F-16F7-4668-BE54-9A1E7A4F7556}") = "CsGorithms", "CsGorithms\CsGorithms.csproj", "{7B756DA1-9DE9-42DD-BA79-CF9D0A91CF71}"
EndProject
Project("{2150E333-8FDC-42A3-9474-1A3956D46DE8}") = "tests", "tests", "{71A82CA9-2839-4ED3-A32F-278E6738ACD4}"
EndProject
Project("{FAE04EC0-301F-11D3-BF4B-00C04F79EFBC}") = "CsGorithms.UnitTests", "CsGorithms.UnitTests\CsGorithms.UnitTests.csproj", "{F600ADE0-E677-4428-B0B6-FD64CCD7F847}"
EndProject
Global
	GlobalSection(SolutionConfigurationPlatforms) = preSolution
		Debug|Any CPU = Debug|Any CPU
		Release|Any CPU = Release|Any CPU
	EndGlobalSection
	GlobalSection(ProjectConfigurationPlatforms) = postSolution
		{7B756DA1-9DE9-42DD-BA79-CF9D0A91CF71}.Debug|Any CPU.ActiveCfg = Debug|Any CPU
		{7B756DA1-9DE9-42DD-BA79-CF9D0A91CF71}.Debug|Any CPU.Build.0 = Debug|Any CPU
		{7B756DA1-9DE9-42DD-BA79-CF9D0A91CF71}.Release|Any CPU.ActiveCfg = Release|Any CPU
		{7B756DA1-9DE9-42DD-BA79-CF9D0A91CF71}.Release|Any CPU.Build.0 = Release|Any CPU
		{F600ADE0-E677-4428-B0B6-FD64CCD7F847}.Debug|Any CPU.ActiveCfg = Debug|Any CPU
		{F600ADE0-E677-4428-B0B6-FD64CCD7F847}.Debug|Any CPU.Build.0 = Debug|Any CPU
		{F600ADE0-E677-4428-B0B6-FD64CCD7F847}.Release|Any CPU.ActiveCfg = Release|Any CPU
		{F600ADE0-E677-4428-B0B6-FD64CCD7F847}.Release|Any CPU.Build.0 = Release|Any CPU
	EndGlobalSection
	GlobalSection(SolutionProperties) = preSolution
		HideSolutionNode = FALSE
	EndGlobalSection
	GlobalSection(NestedProjects) = preSolution
		{F600ADE0-E677-4428-B0B6-FD64CCD7F847} = {71A82CA9-2839-4ED3-A32F-278E6738ACD4}
	EndGlobalSection
	GlobalSection(ExtensibilityGlobals) = postSolution
		SolutionGuid = {812C3B1C-FF8D-49BA-91ED-EB993B761758}
	EndGlobalSection
EndGlobal
